// !$*UTF8*$!
{
	archiveVersion = 1;
	classes = {
	};
	objectVersion = 50;
	objects = {

/* Begin PBXBuildFile section */
		47457D0425FF84AC0029A934 /* AppDelegate.swift in Sources */ = {isa = PBXBuildFile; fileRef = 47457D0325FF84AC0029A934 /* AppDelegate.swift */; };
		47457D0625FF84AC0029A934 /* SceneDelegate.swift in Sources */ = {isa = PBXBuildFile; fileRef = 47457D0525FF84AC0029A934 /* SceneDelegate.swift */; };
		47457D0E25FF84AC0029A934 /* Zennex_TestTask.xcdatamodeld in Sources */ = {isa = PBXBuildFile; fileRef = 47457D0C25FF84AC0029A934 /* Zennex_TestTask.xcdatamodeld */; };
		47457D1025FF84B00029A934 /* Assets.xcassets in Resources */ = {isa = PBXBuildFile; fileRef = 47457D0F25FF84B00029A934 /* Assets.xcassets */; };
		47457D1325FF84B00029A934 /* LaunchScreen.storyboard in Resources */ = {isa = PBXBuildFile; fileRef = 47457D1125FF84B00029A934 /* LaunchScreen.storyboard */; };
		47457D2325FF85610029A934 /* ListViewController.swift in Sources */ = {isa = PBXBuildFile; fileRef = 47457D2225FF85610029A934 /* ListViewController.swift */; };
		47457D2725FF857F0029A934 /* ListView.swift in Sources */ = {isa = PBXBuildFile; fileRef = 47457D2625FF857F0029A934 /* ListView.swift */; };
		47457D2A25FF85A30029A934 /* ListPresenter.swift in Sources */ = {isa = PBXBuildFile; fileRef = 47457D2925FF85A30029A934 /* ListPresenter.swift */; };
		47457D2E25FF898E0029A934 /* QueryService.swift in Sources */ = {isa = PBXBuildFile; fileRef = 47457D2D25FF898E0029A934 /* QueryService.swift */; };
		47457D3325FF95C90029A934 /* ListViewAssembly.swift in Sources */ = {isa = PBXBuildFile; fileRef = 47457D3225FF95C90029A934 /* ListViewAssembly.swift */; };
		4767BDEB25FFB66000E7E38B /* ListModel.swift in Sources */ = {isa = PBXBuildFile; fileRef = 4767BDEA25FFB66000E7E38B /* ListModel.swift */; };
		4767BDEE25FFB86200E7E38B /* ListTableViewCell.swift in Sources */ = {isa = PBXBuildFile; fileRef = 4767BDED25FFB86200E7E38B /* ListTableViewCell.swift */; };
/* End PBXBuildFile section */

/* Begin PBXFileReference section */
		47457D0025FF84AC0029A934 /* Zennex_TestTask.app */ = {isa = PBXFileReference; explicitFileType = wrapper.application; includeInIndex = 0; path = Zennex_TestTask.app; sourceTree = BUILT_PRODUCTS_DIR; };
		47457D0325FF84AC0029A934 /* AppDelegate.swift */ = {isa = PBXFileReference; lastKnownFileType = sourcecode.swift; path = AppDelegate.swift; sourceTree = "<group>"; };
		47457D0525FF84AC0029A934 /* SceneDelegate.swift */ = {isa = PBXFileReference; lastKnownFileType = sourcecode.swift; path = SceneDelegate.swift; sourceTree = "<group>"; };
		47457D0D25FF84AC0029A934 /* Zennex_TestTask.xcdatamodel */ = {isa = PBXFileReference; lastKnownFileType = wrapper.xcdatamodel; path = Zennex_TestTask.xcdatamodel; sourceTree = "<group>"; };
		47457D0F25FF84B00029A934 /* Assets.xcassets */ = {isa = PBXFileReference; lastKnownFileType = folder.assetcatalog; path = Assets.xcassets; sourceTree = "<group>"; };
		47457D1225FF84B00029A934 /* Base */ = {isa = PBXFileReference; lastKnownFileType = file.storyboard; name = Base; path = Base.lproj/LaunchScreen.storyboard; sourceTree = "<group>"; };
		47457D1425FF84B00029A934 /* Info.plist */ = {isa = PBXFileReference; lastKnownFileType = text.plist.xml; path = Info.plist; sourceTree = "<group>"; };
		47457D2225FF85610029A934 /* ListViewController.swift */ = {isa = PBXFileReference; lastKnownFileType = sourcecode.swift; path = ListViewController.swift; sourceTree = "<group>"; };
		47457D2625FF857F0029A934 /* ListView.swift */ = {isa = PBXFileReference; lastKnownFileType = sourcecode.swift; path = ListView.swift; sourceTree = "<group>"; };
		47457D2925FF85A30029A934 /* ListPresenter.swift */ = {isa = PBXFileReference; lastKnownFileType = sourcecode.swift; path = ListPresenter.swift; sourceTree = "<group>"; };
		47457D2D25FF898E0029A934 /* QueryService.swift */ = {isa = PBXFileReference; lastKnownFileType = sourcecode.swift; path = QueryService.swift; sourceTree = "<group>"; };
		47457D3225FF95C90029A934 /* ListViewAssembly.swift */ = {isa = PBXFileReference; lastKnownFileType = sourcecode.swift; path = ListViewAssembly.swift; sourceTree = "<group>"; };
		4767BDEA25FFB66000E7E38B /* ListModel.swift */ = {isa = PBXFileReference; lastKnownFileType = sourcecode.swift; path = ListModel.swift; sourceTree = "<group>"; };
		4767BDED25FFB86200E7E38B /* ListTableViewCell.swift */ = {isa = PBXFileReference; lastKnownFileType = sourcecode.swift; path = ListTableViewCell.swift; sourceTree = "<group>"; };
/* End PBXFileReference section */

/* Begin PBXFrameworksBuildPhase section */
		47457CFD25FF84AC0029A934 /* Frameworks */ = {
			isa = PBXFrameworksBuildPhase;
			buildActionMask = 2147483647;
			files = (
			);
			runOnlyForDeploymentPostprocessing = 0;
		};
/* End PBXFrameworksBuildPhase section */

/* Begin PBXGroup section */
		47457CF725FF84AC0029A934 = {
			isa = PBXGroup;
			children = (
				47457D0225FF84AC0029A934 /* Zennex_TestTask */,
				47457D0125FF84AC0029A934 /* Products */,
			);
			sourceTree = "<group>";
		};
		47457D0125FF84AC0029A934 /* Products */ = {
			isa = PBXGroup;
			children = (
				47457D0025FF84AC0029A934 /* Zennex_TestTask.app */,
			);
			name = Products;
			sourceTree = "<group>";
		};
		47457D0225FF84AC0029A934 /* Zennex_TestTask */ = {
			isa = PBXGroup;
			children = (
				47457D3025FF90960029A934 /* Controllers */,
				47457D2025FF85180029A934 /* List */,
				47457D1F25FF84FB0029A934 /* Model */,
				47457D1C25FF84DD0029A934 /* Resources */,
				47457D1B25FF84D00029A934 /* Application */,
			);
			path = Zennex_TestTask;
			sourceTree = "<group>";
		};
		47457D1B25FF84D00029A934 /* Application */ = {
			isa = PBXGroup;
			children = (
				47457D0325FF84AC0029A934 /* AppDelegate.swift */,
				47457D0525FF84AC0029A934 /* SceneDelegate.swift */,
				47457D1125FF84B00029A934 /* LaunchScreen.storyboard */,
			);
			path = Application;
			sourceTree = "<group>";
		};
		47457D1C25FF84DD0029A934 /* Resources */ = {
			isa = PBXGroup;
			children = (
				47457D0F25FF84B00029A934 /* Assets.xcassets */,
				47457D1425FF84B00029A934 /* Info.plist */,
			);
			path = Resources;
			sourceTree = "<group>";
		};
		47457D1F25FF84FB0029A934 /* Model */ = {
			isa = PBXGroup;
			children = (
				47457D0C25FF84AC0029A934 /* Zennex_TestTask.xcdatamodeld */,
				47457D2D25FF898E0029A934 /* QueryService.swift */,
			);
			path = Model;
			sourceTree = "<group>";
		};
		47457D2025FF85180029A934 /* List */ = {
			isa = PBXGroup;
			children = (
				47457D3225FF95C90029A934 /* ListViewAssembly.swift */,
				47457D2625FF857F0029A934 /* ListView.swift */,
				47457D2225FF85610029A934 /* ListViewController.swift */,
				47457D2925FF85A30029A934 /* ListPresenter.swift */,
				4767BDEA25FFB66000E7E38B /* ListModel.swift */,
				4767BDED25FFB86200E7E38B /* ListTableViewCell.swift */,
			);
			path = List;
			sourceTree = "<group>";
		};
		47457D3025FF90960029A934 /* Controllers */ = {
			isa = PBXGroup;
			children = (
			);
			path = Controllers;
			sourceTree = "<group>";
		};
/* End PBXGroup section */

/* Begin PBXNativeTarget section */
		47457CFF25FF84AC0029A934 /* Zennex_TestTask */ = {
			isa = PBXNativeTarget;
			buildConfigurationList = 47457D1725FF84B00029A934 /* Build configuration list for PBXNativeTarget "Zennex_TestTask" */;
			buildPhases = (
				47457CFC25FF84AC0029A934 /* Sources */,
				47457CFD25FF84AC0029A934 /* Frameworks */,
				47457CFE25FF84AC0029A934 /* Resources */,
			);
			buildRules = (
			);
			dependencies = (
			);
			name = Zennex_TestTask;
			productName = Zennex_TestTask;
			productReference = 47457D0025FF84AC0029A934 /* Zennex_TestTask.app */;
			productType = "com.apple.product-type.application";
		};
/* End PBXNativeTarget section */

/* Begin PBXProject section */
		47457CF825FF84AC0029A934 /* Project object */ = {
			isa = PBXProject;
			attributes = {
				LastSwiftUpdateCheck = 1220;
				LastUpgradeCheck = 1220;
				TargetAttributes = {
					47457CFF25FF84AC0029A934 = {
						CreatedOnToolsVersion = 12.2;
					};
				};
			};
			buildConfigurationList = 47457CFB25FF84AC0029A934 /* Build configuration list for PBXProject "Zennex_TestTask" */;
			compatibilityVersion = "Xcode 9.3";
			developmentRegion = en;
			hasScannedForEncodings = 0;
			knownRegions = (
				en,
				Base,
			);
			mainGroup = 47457CF725FF84AC0029A934;
			productRefGroup = 47457D0125FF84AC0029A934 /* Products */;
			projectDirPath = "";
			projectRoot = "";
			targets = (
				47457CFF25FF84AC0029A934 /* Zennex_TestTask */,
			);
		};
/* End PBXProject section */

/* Begin PBXResourcesBuildPhase section */
		47457CFE25FF84AC0029A934 /* Resources */ = {
			isa = PBXResourcesBuildPhase;
			buildActionMask = 2147483647;
			files = (
				47457D1325FF84B00029A934 /* LaunchScreen.storyboard in Resources */,
				47457D1025FF84B00029A934 /* Assets.xcassets in Resources */,
			);
			runOnlyForDeploymentPostprocessing = 0;
		};
/* End PBXResourcesBuildPhase section */

/* Begin PBXSourcesBuildPhase section */
		47457CFC25FF84AC0029A934 /* Sources */ = {
			isa = PBXSourcesBuildPhase;
			buildActionMask = 2147483647;
			files = (
				4767BDEB25FFB66000E7E38B /* ListModel.swift in Sources */,
				47457D3325FF95C90029A934 /* ListViewAssembly.swift in Sources */,
				47457D0425FF84AC0029A934 /* AppDelegate.swift in Sources */,
				47457D0E25FF84AC0029A934 /* Zennex_TestTask.xcdatamodeld in Sources */,
				47457D2725FF857F0029A934 /* ListView.swift in Sources */,
				47457D2325FF85610029A934 /* ListViewController.swift in Sources */,
				47457D2E25FF898E0029A934 /* QueryService.swift in Sources */,
				47457D2A25FF85A30029A934 /* ListPresenter.swift in Sources */,
				47457D0625FF84AC0029A934 /* SceneDelegate.swift in Sources */,
				4767BDEE25FFB86200E7E38B /* ListTableViewCell.swift in Sources */,
			);
			runOnlyForDeploymentPostprocessing = 0;
		};
/* End PBXSourcesBuildPhase section */

/* Begin PBXVariantGroup section */
		47457D1125FF84B00029A934 /* LaunchScreen.storyboard */ = {
			isa = PBXVariantGroup;
			children = (
				47457D1225FF84B00029A934 /* Base */,
			);
			name = LaunchScreen.storyboard;
			sourceTree = "<group>";
		};
/* End PBXVariantGroup section */

/* Begin XCBuildConfiguration section */
		47457D1525FF84B00029A934 /* Debug */ = {
			isa = XCBuildConfiguration;
			buildSettings = {
				ALWAYS_SEARCH_USER_PATHS = NO;
				CLANG_ANALYZER_NONNULL = YES;
				CLANG_ANALYZER_NUMBER_OBJECT_CONVERSION = YES_AGGRESSIVE;
				CLANG_CXX_LANGUAGE_STANDARD = "gnu++14";
				CLANG_CXX_LIBRARY = "libc++";
				CLANG_ENABLE_MODULES = YES;
				CLANG_ENABLE_OBJC_ARC = YES;
				CLANG_ENABLE_OBJC_WEAK = YES;
				CLANG_WARN_BLOCK_CAPTURE_AUTORELEASING = YES;
				CLANG_WARN_BOOL_CONVERSION = YES;
				CLANG_WARN_COMMA = YES;
				CLANG_WARN_CONSTANT_CONVERSION = YES;
				CLANG_WARN_DEPRECATED_OBJC_IMPLEMENTATIONS = YES;
				CLANG_WARN_DIRECT_OBJC_ISA_USAGE = YES_ERROR;
				CLANG_WARN_DOCUMENTATION_COMMENTS = YES;
				CLANG_WARN_EMPTY_BODY = YES;
				CLANG_WARN_ENUM_CONVERSION = YES;
				CLANG_WARN_INFINITE_RECURSION = YES;
				CLANG_WARN_INT_CONVERSION = YES;
				CLANG_WARN_NON_LITERAL_NULL_CONVERSION = YES;
				CLANG_WARN_OBJC_IMPLICIT_RETAIN_SELF = YES;
				CLANG_WARN_OBJC_LITERAL_CONVERSION = YES;
				CLANG_WARN_OBJC_ROOT_CLASS = YES_ERROR;
				CLANG_WARN_QUOTED_INCLUDE_IN_FRAMEWORK_HEADER = YES;
				CLANG_WARN_RANGE_LOOP_ANALYSIS = YES;
				CLANG_WARN_STRICT_PROTOTYPES = YES;
				CLANG_WARN_SUSPICIOUS_MOVE = YES;
				CLANG_WARN_UNGUARDED_AVAILABILITY = YES_AGGRESSIVE;
				CLANG_WARN_UNREACHABLE_CODE = YES;
				CLANG_WARN__DUPLICATE_METHOD_MATCH = YES;
				COPY_PHASE_STRIP = NO;
				DEBUG_INFORMATION_FORMAT = dwarf;
				ENABLE_STRICT_OBJC_MSGSEND = YES;
				ENABLE_TESTABILITY = YES;
				GCC_C_LANGUAGE_STANDARD = gnu11;
				GCC_DYNAMIC_NO_PIC = NO;
				GCC_NO_COMMON_BLOCKS = YES;
				GCC_OPTIMIZATION_LEVEL = 0;
				GCC_PREPROCESSOR_DEFINITIONS = (
					"DEBUG=1",
					"$(inherited)",
				);
				GCC_WARN_64_TO_32_BIT_CONVERSION = YES;
				GCC_WARN_ABOUT_RETURN_TYPE = YES_ERROR;
				GCC_WARN_UNDECLARED_SELECTOR = YES;
				GCC_WARN_UNINITIALIZED_AUTOS = YES_AGGRESSIVE;
				GCC_WARN_UNUSED_FUNCTION = YES;
				GCC_WARN_UNUSED_VARIABLE = YES;
				IPHONEOS_DEPLOYMENT_TARGET = 14.2;
				MTL_ENABLE_DEBUG_INFO = INCLUDE_SOURCE;
				MTL_FAST_MATH = YES;
				ONLY_ACTIVE_ARCH = YES;
				SDKROOT = iphoneos;
				SWIFT_ACTIVE_COMPILATION_CONDITIONS = DEBUG;
				SWIFT_OPTIMIZATION_LEVEL = "-Onone";
			};
			name = Debug;
		};
		47457D1625FF84B00029A934 /* Release */ = {
			isa = XCBuildConfiguration;
			buildSettings = {
				ALWAYS_SEARCH_USER_PATHS = NO;
				CLANG_ANALYZER_NONNULL = YES;
				CLANG_ANALYZER_NUMBER_OBJECT_CONVERSION = YES_AGGRESSIVE;
				CLANG_CXX_LANGUAGE_STANDARD = "gnu++14";
				CLANG_CXX_LIBRARY = "libc++";
				CLANG_ENABLE_MODULES = YES;
				CLANG_ENABLE_OBJC_ARC = YES;
				CLANG_ENABLE_OBJC_WEAK = YES;
				CLANG_WARN_BLOCK_CAPTURE_AUTORELEASING = YES;
				CLANG_WARN_BOOL_CONVERSION = YES;
				CLANG_WARN_COMMA = YES;
				CLANG_WARN_CONSTANT_CONVERSION = YES;
				CLANG_WARN_DEPRECATED_OBJC_IMPLEMENTATIONS = YES;
				CLANG_WARN_DIRECT_OBJC_ISA_USAGE = YES_ERROR;
				CLANG_WARN_DOCUMENTATION_COMMENTS = YES;
				CLANG_WARN_EMPTY_BODY = YES;
				CLANG_WARN_ENUM_CONVERSION = YES;
				CLANG_WARN_INFINITE_RECURSION = YES;
				CLANG_WARN_INT_CONVERSION = YES;
				CLANG_WARN_NON_LITERAL_NULL_CONVERSION = YES;
				CLANG_WARN_OBJC_IMPLICIT_RETAIN_SELF = YES;
				CLANG_WARN_OBJC_LITERAL_CONVERSION = YES;
				CLANG_WARN_OBJC_ROOT_CLASS = YES_ERROR;
				CLANG_WARN_QUOTED_INCLUDE_IN_FRAMEWORK_HEADER = YES;
				CLANG_WARN_RANGE_LOOP_ANALYSIS = YES;
				CLANG_WARN_STRICT_PROTOTYPES = YES;
				CLANG_WARN_SUSPICIOUS_MOVE = YES;
				CLANG_WARN_UNGUARDED_AVAILABILITY = YES_AGGRESSIVE;
				CLANG_WARN_UNREACHABLE_CODE = YES;
				CLANG_WARN__DUPLICATE_METHOD_MATCH = YES;
				COPY_PHASE_STRIP = NO;
				DEBUG_INFORMATION_FORMAT = "dwarf-with-dsym";
				ENABLE_NS_ASSERTIONS = NO;
				ENABLE_STRICT_OBJC_MSGSEND = YES;
				GCC_C_LANGUAGE_STANDARD = gnu11;
				GCC_NO_COMMON_BLOCKS = YES;
				GCC_WARN_64_TO_32_BIT_CONVERSION = YES;
				GCC_WARN_ABOUT_RETURN_TYPE = YES_ERROR;
				GCC_WARN_UNDECLARED_SELECTOR = YES;
				GCC_WARN_UNINITIALIZED_AUTOS = YES_AGGRESSIVE;
				GCC_WARN_UNUSED_FUNCTION = YES;
				GCC_WARN_UNUSED_VARIABLE = YES;
				IPHONEOS_DEPLOYMENT_TARGET = 14.2;
				MTL_ENABLE_DEBUG_INFO = NO;
				MTL_FAST_MATH = YES;
				SDKROOT = iphoneos;
				SWIFT_COMPILATION_MODE = wholemodule;
				SWIFT_OPTIMIZATION_LEVEL = "-O";
				VALIDATE_PRODUCT = YES;
			};
			name = Release;
		};
		47457D1825FF84B00029A934 /* Debug */ = {
			isa = XCBuildConfiguration;
			buildSettings = {
				ASSETCATALOG_COMPILER_APPICON_NAME = AppIcon;
				ASSETCATALOG_COMPILER_GLOBAL_ACCENT_COLOR_NAME = AccentColor;
				CODE_SIGN_STYLE = Automatic;
				INFOPLIST_FILE = Zennex_TestTask/Resources/Info.plist;
				LD_RUNPATH_SEARCH_PATHS = (
					"$(inherited)",
					"@executable_path/Frameworks",
				);
				PRODUCT_BUNDLE_IDENTIFIER = "Home.Zennex-TestTask";
				PRODUCT_NAME = "$(TARGET_NAME)";
				SWIFT_VERSION = 5.0;
				TARGETED_DEVICE_FAMILY = 2;
			};
			name = Debug;
		};
		47457D1925FF84B00029A934 /* Release */ = {
			isa = XCBuildConfiguration;
			buildSettings = {
				ASSETCATALOG_COMPILER_APPICON_NAME = AppIcon;
				ASSETCATALOG_COMPILER_GLOBAL_ACCENT_COLOR_NAME = AccentColor;
				CODE_SIGN_STYLE = Automatic;
				INFOPLIST_FILE = Zennex_TestTask/Resources/Info.plist;
				LD_RUNPATH_SEARCH_PATHS = (
					"$(inherited)",
					"@executable_path/Frameworks",
				);
				PRODUCT_BUNDLE_IDENTIFIER = "Home.Zennex-TestTask";
				PRODUCT_NAME = "$(TARGET_NAME)";
				SWIFT_VERSION = 5.0;
				TARGETED_DEVICE_FAMILY = 2;
			};
			name = Release;
		};
/* End XCBuildConfiguration section */

/* Begin XCConfigurationList section */
		47457CFB25FF84AC0029A934 /* Build configuration list for PBXProject "Zennex_TestTask" */ = {
			isa = XCConfigurationList;
			buildConfigurations = (
				47457D1525FF84B00029A934 /* Debug */,
				47457D1625FF84B00029A934 /* Release */,
			);
			defaultConfigurationIsVisible = 0;
			defaultConfigurationName = Release;
		};
		47457D1725FF84B00029A934 /* Build configuration list for PBXNativeTarget "Zennex_TestTask" */ = {
			isa = XCConfigurationList;
			buildConfigurations = (
				47457D1825FF84B00029A934 /* Debug */,
				47457D1925FF84B00029A934 /* Release */,
			);
			defaultConfigurationIsVisible = 0;
			defaultConfigurationName = Release;
		};
/* End XCConfigurationList section */

/* Begin XCVersionGroup section */
		47457D0C25FF84AC0029A934 /* Zennex_TestTask.xcdatamodeld */ = {
			isa = XCVersionGroup;
			children = (
				47457D0D25FF84AC0029A934 /* Zennex_TestTask.xcdatamodel */,
			);
			currentVersion = 47457D0D25FF84AC0029A934 /* Zennex_TestTask.xcdatamodel */;
			path = Zennex_TestTask.xcdatamodeld;
			sourceTree = "<group>";
			versionGroupType = wrapper.xcdatamodel;
		};
/* End XCVersionGroup section */
	};
	rootObject = 47457CF825FF84AC0029A934 /* Project object */;
}
